
Microsoft Visual Studio Solution File, Format Version 12.00
# Visual Studio 15
VisualStudioVersion = 15.0.27428.2037
MinimumVisualStudioVersion = 10.0.40219.1
Project("{FAE04EC0-301F-11D3-BF4B-00C04F79EFBC}") = "ModernStore.Domain", "ModernStore.Domain\ModernStore.Domain.csproj", "{FECC1E1F-AB96-470A-AB65-B83942414933}"
EndProject
Project("{FAE04EC0-301F-11D3-BF4B-00C04F79EFBC}") = "ModernStore.Shared", "ModernStore.Shared\ModernStore.Shared.csproj", "{4703A845-A433-4EC3-A87D-870B9D27B8E2}"
EndProject
Project("{FAE04EC0-301F-11D3-BF4B-00C04F79EFBC}") = "ModerStore.Domain.Teste", "ModerStore.Domain.Teste\ModerStore.Domain.Teste.csproj", "{D32DD8AF-F335-4D47-8EF5-D49DF18543BF}"
EndProject
Global
	GlobalSection(SolutionConfigurationPlatforms) = preSolution
		Debug|Any CPU = Debug|Any CPU
		Release|Any CPU = Release|Any CPU
	EndGlobalSection
	GlobalSection(ProjectConfigurationPlatforms) = postSolution
		{FECC1E1F-AB96-470A-AB65-B83942414933}.Debug|Any CPU.ActiveCfg = Debug|Any CPU
		{FECC1E1F-AB96-470A-AB65-B83942414933}.Debug|Any CPU.Build.0 = Debug|Any CPU
		{FECC1E1F-AB96-470A-AB65-B83942414933}.Release|Any CPU.ActiveCfg = Release|Any CPU
		{FECC1E1F-AB96-470A-AB65-B83942414933}.Release|Any CPU.Build.0 = Release|Any CPU
		{4703A845-A433-4EC3-A87D-870B9D27B8E2}.Debug|Any CPU.ActiveCfg = Debug|Any CPU
		{4703A845-A433-4EC3-A87D-870B9D27B8E2}.Debug|Any CPU.Build.0 = Debug|Any CPU
		{4703A845-A433-4EC3-A87D-870B9D27B8E2}.Release|Any CPU.ActiveCfg = Release|Any CPU
		{4703A845-A433-4EC3-A87D-870B9D27B8E2}.Release|Any CPU.Build.0 = Release|Any CPU
		{D32DD8AF-F335-4D47-8EF5-D49DF18543BF}.Debug|Any CPU.ActiveCfg = Debug|Any CPU
		{D32DD8AF-F335-4D47-8EF5-D49DF18543BF}.Debug|Any CPU.Build.0 = Debug|Any CPU
		{D32DD8AF-F335-4D47-8EF5-D49DF18543BF}.Release|Any CPU.ActiveCfg = Release|Any CPU
		{D32DD8AF-F335-4D47-8EF5-D49DF18543BF}.Release|Any CPU.Build.0 = Release|Any CPU
	EndGlobalSection
	GlobalSection(SolutionProperties) = preSolution
		HideSolutionNode = FALSE
	EndGlobalSection
	GlobalSection(ExtensibilityGlobals) = postSolution
		SolutionGuid = {4111E453-413B-4DA6-8D4B-59BCE5AD8ACF}
	EndGlobalSection
EndGlobal
